// !$*UTF8*$!
{
	archiveVersion = 1;
	classes = {
	};
	objectVersion = 56;
	objects = {

/* Begin PBXBuildFile section */
		3432483229A5262A0077D1D6 /* UI in Frameworks */ = {isa = PBXBuildFile; productRef = 3432483129A5262A0077D1D6 /* UI */; };
		3464AA16299D4E18003542CA /* SudokuApp.swift in Sources */ = {isa = PBXBuildFile; fileRef = 3464AA15299D4E18003542CA /* SudokuApp.swift */; };
		3464AA1A299D4E19003542CA /* Assets.xcassets in Resources */ = {isa = PBXBuildFile; fileRef = 3464AA19299D4E19003542CA /* Assets.xcassets */; };
		3464AA1D299D4E19003542CA /* Preview Assets.xcassets in Resources */ = {isa = PBXBuildFile; fileRef = 3464AA1C299D4E19003542CA /* Preview Assets.xcassets */; };
		3464AA27299D4E19003542CA /* SudokuTests.swift in Sources */ = {isa = PBXBuildFile; fileRef = 3464AA26299D4E19003542CA /* SudokuTests.swift */; };
		3464AA31299D4E19003542CA /* SudokuUITests.swift in Sources */ = {isa = PBXBuildFile; fileRef = 3464AA30299D4E19003542CA /* SudokuUITests.swift */; };
		3464AA33299D4E19003542CA /* SudokuUITestsLaunchTests.swift in Sources */ = {isa = PBXBuildFile; fileRef = 3464AA32299D4E19003542CA /* SudokuUITestsLaunchTests.swift */; };
		3485434729A527B5003FCA57 /* BacktrackingSolver in Frameworks */ = {isa = PBXBuildFile; productRef = 3485434629A527B5003FCA57 /* BacktrackingSolver */; };
		3485434929A52C35003FCA57 /* Models in Frameworks */ = {isa = PBXBuildFile; productRef = 3485434829A52C35003FCA57 /* Models */; };
/* End PBXBuildFile section */

/* Begin PBXContainerItemProxy section */
		3464AA23299D4E19003542CA /* PBXContainerItemProxy */ = {
			isa = PBXContainerItemProxy;
			containerPortal = 3464AA0A299D4E18003542CA /* Project object */;
			proxyType = 1;
			remoteGlobalIDString = 3464AA11299D4E18003542CA;
			remoteInfo = Sudoku;
		};
		3464AA2D299D4E19003542CA /* PBXContainerItemProxy */ = {
			isa = PBXContainerItemProxy;
			containerPortal = 3464AA0A299D4E18003542CA /* Project object */;
			proxyType = 1;
			remoteGlobalIDString = 3464AA11299D4E18003542CA;
			remoteInfo = Sudoku;
		};
/* End PBXContainerItemProxy section */

/* Begin PBXFileReference section */
		3432483029A5250A0077D1D6 /* UI */ = {isa = PBXFileReference; lastKnownFileType = wrapper; path = UI; sourceTree = "<group>"; };
		3464AA12299D4E18003542CA /* Sudoku.app */ = {isa = PBXFileReference; explicitFileType = wrapper.application; includeInIndex = 0; path = Sudoku.app; sourceTree = BUILT_PRODUCTS_DIR; };
		3464AA15299D4E18003542CA /* SudokuApp.swift */ = {isa = PBXFileReference; lastKnownFileType = sourcecode.swift; path = SudokuApp.swift; sourceTree = "<group>"; };
		3464AA19299D4E19003542CA /* Assets.xcassets */ = {isa = PBXFileReference; lastKnownFileType = folder.assetcatalog; path = Assets.xcassets; sourceTree = "<group>"; };
		3464AA1C299D4E19003542CA /* Preview Assets.xcassets */ = {isa = PBXFileReference; lastKnownFileType = folder.assetcatalog; path = "Preview Assets.xcassets"; sourceTree = "<group>"; };
		3464AA22299D4E19003542CA /* SudokuTests.xctest */ = {isa = PBXFileReference; explicitFileType = wrapper.cfbundle; includeInIndex = 0; path = SudokuTests.xctest; sourceTree = BUILT_PRODUCTS_DIR; };
		3464AA26299D4E19003542CA /* SudokuTests.swift */ = {isa = PBXFileReference; lastKnownFileType = sourcecode.swift; path = SudokuTests.swift; sourceTree = "<group>"; };
		3464AA2C299D4E19003542CA /* SudokuUITests.xctest */ = {isa = PBXFileReference; explicitFileType = wrapper.cfbundle; includeInIndex = 0; path = SudokuUITests.xctest; sourceTree = BUILT_PRODUCTS_DIR; };
		3464AA30299D4E19003542CA /* SudokuUITests.swift */ = {isa = PBXFileReference; lastKnownFileType = sourcecode.swift; path = SudokuUITests.swift; sourceTree = "<group>"; };
		3464AA32299D4E19003542CA /* SudokuUITestsLaunchTests.swift */ = {isa = PBXFileReference; lastKnownFileType = sourcecode.swift; path = SudokuUITestsLaunchTests.swift; sourceTree = "<group>"; };
		3464AA70299E9019003542CA /* BacktrackingSolver */ = {isa = PBXFileReference; lastKnownFileType = wrapper; path = BacktrackingSolver; sourceTree = "<group>"; };
		3464AA71299E9075003542CA /* Models */ = {isa = PBXFileReference; lastKnownFileType = wrapper; path = Models; sourceTree = "<group>"; };
/* End PBXFileReference section */

/* Begin PBXFrameworksBuildPhase section */
		3464AA0F299D4E18003542CA /* Frameworks */ = {
			isa = PBXFrameworksBuildPhase;
			buildActionMask = 2147483647;
			files = (
				3485434929A52C35003FCA57 /* Models in Frameworks */,
				3432483229A5262A0077D1D6 /* UI in Frameworks */,
				3485434729A527B5003FCA57 /* BacktrackingSolver in Frameworks */,
			);
			runOnlyForDeploymentPostprocessing = 0;
		};
		3464AA1F299D4E19003542CA /* Frameworks */ = {
			isa = PBXFrameworksBuildPhase;
			buildActionMask = 2147483647;
			files = (
			);
			runOnlyForDeploymentPostprocessing = 0;
		};
		3464AA29299D4E19003542CA /* Frameworks */ = {
			isa = PBXFrameworksBuildPhase;
			buildActionMask = 2147483647;
			files = (
			);
			runOnlyForDeploymentPostprocessing = 0;
		};
/* End PBXFrameworksBuildPhase section */

/* Begin PBXGroup section */
		3464AA09299D4E18003542CA = {
			isa = PBXGroup;
			children = (
				3464AA6E299E8472003542CA /* Packages */,
				3464AA14299D4E18003542CA /* Sudoku */,
				3464AA25299D4E19003542CA /* SudokuTests */,
				3464AA2F299D4E19003542CA /* SudokuUITests */,
				3464AA13299D4E18003542CA /* Products */,
				3464AA72299EB7ED003542CA /* Frameworks */,
			);
			sourceTree = "<group>";
		};
		3464AA13299D4E18003542CA /* Products */ = {
			isa = PBXGroup;
			children = (
				3464AA12299D4E18003542CA /* Sudoku.app */,
				3464AA22299D4E19003542CA /* SudokuTests.xctest */,
				3464AA2C299D4E19003542CA /* SudokuUITests.xctest */,
			);
			name = Products;
			sourceTree = "<group>";
		};
		3464AA14299D4E18003542CA /* Sudoku */ = {
			isa = PBXGroup;
			children = (
				3464AA15299D4E18003542CA /* SudokuApp.swift */,
				3464AA19299D4E19003542CA /* Assets.xcassets */,
				3464AA1B299D4E19003542CA /* Preview Content */,
			);
			path = Sudoku;
			sourceTree = "<group>";
		};
		3464AA1B299D4E19003542CA /* Preview Content */ = {
			isa = PBXGroup;
			children = (
				3464AA1C299D4E19003542CA /* Preview Assets.xcassets */,
			);
			path = "Preview Content";
			sourceTree = "<group>";
		};
		3464AA25299D4E19003542CA /* SudokuTests */ = {
			isa = PBXGroup;
			children = (
				3464AA26299D4E19003542CA /* SudokuTests.swift */,
			);
			path = SudokuTests;
			sourceTree = "<group>";
		};
		3464AA2F299D4E19003542CA /* SudokuUITests */ = {
			isa = PBXGroup;
			children = (
				3464AA30299D4E19003542CA /* SudokuUITests.swift */,
				3464AA32299D4E19003542CA /* SudokuUITestsLaunchTests.swift */,
			);
			path = SudokuUITests;
			sourceTree = "<group>";
		};
		3464AA6E299E8472003542CA /* Packages */ = {
			isa = PBXGroup;
			children = (
				3432483029A5250A0077D1D6 /* UI */,
				3464AA71299E9075003542CA /* Models */,
				3464AA70299E9019003542CA /* BacktrackingSolver */,
			);
			path = Packages;
			sourceTree = "<group>";
		};
		3464AA72299EB7ED003542CA /* Frameworks */ = {
			isa = PBXGroup;
			children = (
			);
			name = Frameworks;
			sourceTree = "<group>";
		};
/* End PBXGroup section */

/* Begin PBXNativeTarget section */
		3464AA11299D4E18003542CA /* Sudoku */ = {
			isa = PBXNativeTarget;
			buildConfigurationList = 3464AA36299D4E19003542CA /* Build configuration list for PBXNativeTarget "Sudoku" */;
			buildPhases = (
				3464AA0E299D4E18003542CA /* Sources */,
				3464AA0F299D4E18003542CA /* Frameworks */,
				3464AA10299D4E18003542CA /* Resources */,
			);
			buildRules = (
			);
			dependencies = (
			);
			name = Sudoku;
			packageProductDependencies = (
				3432483129A5262A0077D1D6 /* UI */,
				3485434629A527B5003FCA57 /* BacktrackingSolver */,
				3485434829A52C35003FCA57 /* Models */,
			);
			productName = Sudoku;
			productReference = 3464AA12299D4E18003542CA /* Sudoku.app */;
			productType = "com.apple.product-type.application";
		};
		3464AA21299D4E19003542CA /* SudokuTests */ = {
			isa = PBXNativeTarget;
			buildConfigurationList = 3464AA39299D4E19003542CA /* Build configuration list for PBXNativeTarget "SudokuTests" */;
			buildPhases = (
				3464AA1E299D4E19003542CA /* Sources */,
				3464AA1F299D4E19003542CA /* Frameworks */,
				3464AA20299D4E19003542CA /* Resources */,
			);
			buildRules = (
			);
			dependencies = (
				3464AA24299D4E19003542CA /* PBXTargetDependency */,
			);
			name = SudokuTests;
			productName = SudokuTests;
			productReference = 3464AA22299D4E19003542CA /* SudokuTests.xctest */;
			productType = "com.apple.product-type.bundle.unit-test";
		};
		3464AA2B299D4E19003542CA /* SudokuUITests */ = {
			isa = PBXNativeTarget;
			buildConfigurationList = 3464AA3C299D4E19003542CA /* Build configuration list for PBXNativeTarget "SudokuUITests" */;
			buildPhases = (
				3464AA28299D4E19003542CA /* Sources */,
				3464AA29299D4E19003542CA /* Frameworks */,
				3464AA2A299D4E19003542CA /* Resources */,
			);
			buildRules = (
			);
			dependencies = (
				3464AA2E299D4E19003542CA /* PBXTargetDependency */,
			);
			name = SudokuUITests;
			productName = SudokuUITests;
			productReference = 3464AA2C299D4E19003542CA /* SudokuUITests.xctest */;
			productType = "com.apple.product-type.bundle.ui-testing";
		};
/* End PBXNativeTarget section */

/* Begin PBXProject section */
		3464AA0A299D4E18003542CA /* Project object */ = {
			isa = PBXProject;
			attributes = {
				BuildIndependentTargetsInParallel = 1;
				LastSwiftUpdateCheck = 1420;
				LastUpgradeCheck = 1420;
				TargetAttributes = {
					3464AA11299D4E18003542CA = {
						CreatedOnToolsVersion = 14.2;
					};
					3464AA21299D4E19003542CA = {
						CreatedOnToolsVersion = 14.2;
						TestTargetID = 3464AA11299D4E18003542CA;
					};
					3464AA2B299D4E19003542CA = {
						CreatedOnToolsVersion = 14.2;
						TestTargetID = 3464AA11299D4E18003542CA;
					};
				};
			};
			buildConfigurationList = 3464AA0D299D4E18003542CA /* Build configuration list for PBXProject "Sudoku" */;
			compatibilityVersion = "Xcode 14.0";
			developmentRegion = en;
			hasScannedForEncodings = 0;
			knownRegions = (
				en,
				Base,
			);
			mainGroup = 3464AA09299D4E18003542CA;
			productRefGroup = 3464AA13299D4E18003542CA /* Products */;
			projectDirPath = "";
			projectRoot = "";
			targets = (
				3464AA11299D4E18003542CA /* Sudoku */,
				3464AA21299D4E19003542CA /* SudokuTests */,
				3464AA2B299D4E19003542CA /* SudokuUITests */,
			);
		};
/* End PBXProject section */

/* Begin PBXResourcesBuildPhase section */
		3464AA10299D4E18003542CA /* Resources */ = {
			isa = PBXResourcesBuildPhase;
			buildActionMask = 2147483647;
			files = (
				3464AA1D299D4E19003542CA /* Preview Assets.xcassets in Resources */,
				3464AA1A299D4E19003542CA /* Assets.xcassets in Resources */,
			);
			runOnlyForDeploymentPostprocessing = 0;
		};
		3464AA20299D4E19003542CA /* Resources */ = {
			isa = PBXResourcesBuildPhase;
			buildActionMask = 2147483647;
			files = (
			);
			runOnlyForDeploymentPostprocessing = 0;
		};
		3464AA2A299D4E19003542CA /* Resources */ = {
			isa = PBXResourcesBuildPhase;
			buildActionMask = 2147483647;
			files = (
			);
			runOnlyForDeploymentPostprocessing = 0;
		};
/* End PBXResourcesBuildPhase section */

/* Begin PBXSourcesBuildPhase section */
		3464AA0E299D4E18003542CA /* Sources */ = {
			isa = PBXSourcesBuildPhase;
			buildActionMask = 2147483647;
			files = (
				3464AA16299D4E18003542CA /* SudokuApp.swift in Sources */,
			);
			runOnlyForDeploymentPostprocessing = 0;
		};
		3464AA1E299D4E19003542CA /* Sources */ = {
			isa = PBXSourcesBuildPhase;
			buildActionMask = 2147483647;
			files = (
				3464AA27299D4E19003542CA /* SudokuTests.swift in Sources */,
			);
			runOnlyForDeploymentPostprocessing = 0;
		};
		3464AA28299D4E19003542CA /* Sources */ = {
			isa = PBXSourcesBuildPhase;
			buildActionMask = 2147483647;
			files = (
				3464AA31299D4E19003542CA /* SudokuUITests.swift in Sources */,
				3464AA33299D4E19003542CA /* SudokuUITestsLaunchTests.swift in Sources */,
			);
			runOnlyForDeploymentPostprocessing = 0;
		};
/* End PBXSourcesBuildPhase section */

/* Begin PBXTargetDependency section */
		3464AA24299D4E19003542CA /* PBXTargetDependency */ = {
			isa = PBXTargetDependency;
			target = 3464AA11299D4E18003542CA /* Sudoku */;
			targetProxy = 3464AA23299D4E19003542CA /* PBXContainerItemProxy */;
		};
		3464AA2E299D4E19003542CA /* PBXTargetDependency */ = {
			isa = PBXTargetDependency;
			target = 3464AA11299D4E18003542CA /* Sudoku */;
			targetProxy = 3464AA2D299D4E19003542CA /* PBXContainerItemProxy */;
		};
/* End PBXTargetDependency section */

/* Begin XCBuildConfiguration section */
		3464AA34299D4E19003542CA /* Debug */ = {
			isa = XCBuildConfiguration;
			buildSettings = {
				ALWAYS_SEARCH_USER_PATHS = NO;
				CLANG_ANALYZER_NONNULL = YES;
				CLANG_ANALYZER_NUMBER_OBJECT_CONVERSION = YES_AGGRESSIVE;
				CLANG_CXX_LANGUAGE_STANDARD = "gnu++20";
				CLANG_ENABLE_MODULES = YES;
				CLANG_ENABLE_OBJC_ARC = YES;
				CLANG_ENABLE_OBJC_WEAK = YES;
				CLANG_WARN_BLOCK_CAPTURE_AUTORELEASING = YES;
				CLANG_WARN_BOOL_CONVERSION = YES;
				CLANG_WARN_COMMA = YES;
				CLANG_WARN_CONSTANT_CONVERSION = YES;
				CLANG_WARN_DEPRECATED_OBJC_IMPLEMENTATIONS = YES;
				CLANG_WARN_DIRECT_OBJC_ISA_USAGE = YES_ERROR;
				CLANG_WARN_DOCUMENTATION_COMMENTS = YES;
				CLANG_WARN_EMPTY_BODY = YES;
				CLANG_WARN_ENUM_CONVERSION = YES;
				CLANG_WARN_INFINITE_RECURSION = YES;
				CLANG_WARN_INT_CONVERSION = YES;
				CLANG_WARN_NON_LITERAL_NULL_CONVERSION = YES;
				CLANG_WARN_OBJC_IMPLICIT_RETAIN_SELF = YES;
				CLANG_WARN_OBJC_LITERAL_CONVERSION = YES;
				CLANG_WARN_OBJC_ROOT_CLASS = YES_ERROR;
				CLANG_WARN_QUOTED_INCLUDE_IN_FRAMEWORK_HEADER = YES;
				CLANG_WARN_RANGE_LOOP_ANALYSIS = YES;
				CLANG_WARN_STRICT_PROTOTYPES = YES;
				CLANG_WARN_SUSPICIOUS_MOVE = YES;
				CLANG_WARN_UNGUARDED_AVAILABILITY = YES_AGGRESSIVE;
				CLANG_WARN_UNREACHABLE_CODE = YES;
				CLANG_WARN__DUPLICATE_METHOD_MATCH = YES;
				COPY_PHASE_STRIP = NO;
				DEBUG_INFORMATION_FORMAT = dwarf;
				ENABLE_STRICT_OBJC_MSGSEND = YES;
				ENABLE_TESTABILITY = YES;
				GCC_C_LANGUAGE_STANDARD = gnu11;
				GCC_DYNAMIC_NO_PIC = NO;
				GCC_NO_COMMON_BLOCKS = YES;
				GCC_OPTIMIZATION_LEVEL = 0;
				GCC_PREPROCESSOR_DEFINITIONS = (
					"DEBUG=1",
					"$(inherited)",
				);
				GCC_WARN_64_TO_32_BIT_CONVERSION = YES;
				GCC_WARN_ABOUT_RETURN_TYPE = YES_ERROR;
				GCC_WARN_UNDECLARED_SELECTOR = YES;
				GCC_WARN_UNINITIALIZED_AUTOS = YES_AGGRESSIVE;
				GCC_WARN_UNUSED_FUNCTION = YES;
				GCC_WARN_UNUSED_VARIABLE = YES;
				IPHONEOS_DEPLOYMENT_TARGET = 16.2;
				MTL_ENABLE_DEBUG_INFO = INCLUDE_SOURCE;
				MTL_FAST_MATH = YES;
				ONLY_ACTIVE_ARCH = YES;
				SDKROOT = iphoneos;
				SWIFT_ACTIVE_COMPILATION_CONDITIONS = DEBUG;
				SWIFT_OPTIMIZATION_LEVEL = "-Onone";
			};
			name = Debug;
		};
		3464AA35299D4E19003542CA /* Release */ = {
			isa = XCBuildConfiguration;
			buildSettings = {
				ALWAYS_SEARCH_USER_PATHS = NO;
				CLANG_ANALYZER_NONNULL = YES;
				CLANG_ANALYZER_NUMBER_OBJECT_CONVERSION = YES_AGGRESSIVE;
				CLANG_CXX_LANGUAGE_STANDARD = "gnu++20";
				CLANG_ENABLE_MODULES = YES;
				CLANG_ENABLE_OBJC_ARC = YES;
				CLANG_ENABLE_OBJC_WEAK = YES;
				CLANG_WARN_BLOCK_CAPTURE_AUTORELEASING = YES;
				CLANG_WARN_BOOL_CONVERSION = YES;
				CLANG_WARN_COMMA = YES;
				CLANG_WARN_CONSTANT_CONVERSION = YES;
				CLANG_WARN_DEPRECATED_OBJC_IMPLEMENTATIONS = YES;
				CLANG_WARN_DIRECT_OBJC_ISA_USAGE = YES_ERROR;
				CLANG_WARN_DOCUMENTATION_COMMENTS = YES;
				CLANG_WARN_EMPTY_BODY = YES;
				CLANG_WARN_ENUM_CONVERSION = YES;
				CLANG_WARN_INFINITE_RECURSION = YES;
				CLANG_WARN_INT_CONVERSION = YES;
				CLANG_WARN_NON_LITERAL_NULL_CONVERSION = YES;
				CLANG_WARN_OBJC_IMPLICIT_RETAIN_SELF = YES;
				CLANG_WARN_OBJC_LITERAL_CONVERSION = YES;
				CLANG_WARN_OBJC_ROOT_CLASS = YES_ERROR;
				CLANG_WARN_QUOTED_INCLUDE_IN_FRAMEWORK_HEADER = YES;
				CLANG_WARN_RANGE_LOOP_ANALYSIS = YES;
				CLANG_WARN_STRICT_PROTOTYPES = YES;
				CLANG_WARN_SUSPICIOUS_MOVE = YES;
				CLANG_WARN_UNGUARDED_AVAILABILITY = YES_AGGRESSIVE;
				CLANG_WARN_UNREACHABLE_CODE = YES;
				CLANG_WARN__DUPLICATE_METHOD_MATCH = YES;
				COPY_PHASE_STRIP = NO;
				DEBUG_INFORMATION_FORMAT = "dwarf-with-dsym";
				ENABLE_NS_ASSERTIONS = NO;
				ENABLE_STRICT_OBJC_MSGSEND = YES;
				GCC_C_LANGUAGE_STANDARD = gnu11;
				GCC_NO_COMMON_BLOCKS = YES;
				GCC_WARN_64_TO_32_BIT_CONVERSION = YES;
				GCC_WARN_ABOUT_RETURN_TYPE = YES_ERROR;
				GCC_WARN_UNDECLARED_SELECTOR = YES;
				GCC_WARN_UNINITIALIZED_AUTOS = YES_AGGRESSIVE;
				GCC_WARN_UNUSED_FUNCTION = YES;
				GCC_WARN_UNUSED_VARIABLE = YES;
				IPHONEOS_DEPLOYMENT_TARGET = 16.2;
				MTL_ENABLE_DEBUG_INFO = NO;
				MTL_FAST_MATH = YES;
				SDKROOT = iphoneos;
				SWIFT_COMPILATION_MODE = wholemodule;
				SWIFT_OPTIMIZATION_LEVEL = "-O";
				VALIDATE_PRODUCT = YES;
			};
			name = Release;
		};
		3464AA37299D4E19003542CA /* Debug */ = {
			isa = XCBuildConfiguration;
			buildSettings = {
				ASSETCATALOG_COMPILER_APPICON_NAME = AppIcon;
				ASSETCATALOG_COMPILER_GLOBAL_ACCENT_COLOR_NAME = AccentColor;
				CODE_SIGN_STYLE = Automatic;
				CURRENT_PROJECT_VERSION = 1;
				DEVELOPMENT_ASSET_PATHS = "\"Sudoku/Preview Content\"";
				DEVELOPMENT_TEAM = DRQ4AW6V2L;
				ENABLE_PREVIEWS = YES;
				GENERATE_INFOPLIST_FILE = YES;
				INFOPLIST_KEY_UIApplicationSceneManifest_Generation = YES;
				INFOPLIST_KEY_UIApplicationSupportsIndirectInputEvents = YES;
				INFOPLIST_KEY_UILaunchScreen_Generation = YES;
				INFOPLIST_KEY_UISupportedInterfaceOrientations_iPad = "UIInterfaceOrientationPortrait UIInterfaceOrientationPortraitUpsideDown UIInterfaceOrientationLandscapeLeft UIInterfaceOrientationLandscapeRight";
				INFOPLIST_KEY_UISupportedInterfaceOrientations_iPhone = "UIInterfaceOrientationPortrait UIInterfaceOrientationLandscapeLeft UIInterfaceOrientationLandscapeRight";
				IPHONEOS_DEPLOYMENT_TARGET = 14.0;
				LD_RUNPATH_SEARCH_PATHS = (
					"$(inherited)",
					"@executable_path/Frameworks",
				);
				MARKETING_VERSION = 1.0;
				PRODUCT_BUNDLE_IDENTIFIER = com.holografix.SudokuSolver;
				PRODUCT_NAME = "$(TARGET_NAME)";
				SWIFT_EMIT_LOC_STRINGS = YES;
				SWIFT_VERSION = 5.0;
				TARGETED_DEVICE_FAMILY = "1,2";
			};
			name = Debug;
		};
		3464AA38299D4E19003542CA /* Release */ = {
			isa = XCBuildConfiguration;
			buildSettings = {
				ASSETCATALOG_COMPILER_APPICON_NAME = AppIcon;
				ASSETCATALOG_COMPILER_GLOBAL_ACCENT_COLOR_NAME = AccentColor;
				CODE_SIGN_STYLE = Automatic;
				CURRENT_PROJECT_VERSION = 1;
				DEVELOPMENT_ASSET_PATHS = "\"Sudoku/Preview Content\"";
				DEVELOPMENT_TEAM = DRQ4AW6V2L;
				ENABLE_PREVIEWS = YES;
				GENERATE_INFOPLIST_FILE = YES;
				INFOPLIST_KEY_UIApplicationSceneManifest_Generation = YES;
				INFOPLIST_KEY_UIApplicationSupportsIndirectInputEvents = YES;
				INFOPLIST_KEY_UILaunchScreen_Generation = YES;
				INFOPLIST_KEY_UISupportedInterfaceOrientations_iPad = "UIInterfaceOrientationPortrait UIInterfaceOrientationPortraitUpsideDown UIInterfaceOrientationLandscapeLeft UIInterfaceOrientationLandscapeRight";
				INFOPLIST_KEY_UISupportedInterfaceOrientations_iPhone = "UIInterfaceOrientationPortrait UIInterfaceOrientationLandscapeLeft UIInterfaceOrientationLandscapeRight";
				IPHONEOS_DEPLOYMENT_TARGET = 14.0;
				LD_RUNPATH_SEARCH_PATHS = (
					"$(inherited)",
					"@executable_path/Frameworks",
				);
				MARKETING_VERSION = 1.0;
				PRODUCT_BUNDLE_IDENTIFIER = com.holografix.SudokuSolver;
				PRODUCT_NAME = "$(TARGET_NAME)";
				SWIFT_EMIT_LOC_STRINGS = YES;
				SWIFT_VERSION = 5.0;
				TARGETED_DEVICE_FAMILY = "1,2";
			};
			name = Release;
		};
		3464AA3A299D4E19003542CA /* Debug */ = {
			isa = XCBuildConfiguration;
			buildSettings = {
				ALWAYS_EMBED_SWIFT_STANDARD_LIBRARIES = YES;
				BUNDLE_LOADER = "$(TEST_HOST)";
				CODE_SIGN_STYLE = Automatic;
				CURRENT_PROJECT_VERSION = 1;
				DEVELOPMENT_TEAM = 8D69GAM5D6;
				GENERATE_INFOPLIST_FILE = YES;
				IPHONEOS_DEPLOYMENT_TARGET = 16.2;
				MARKETING_VERSION = 1.0;
				PRODUCT_BUNDLE_IDENTIFIER = com.holografix.SudokuTests;
				PRODUCT_NAME = "$(TARGET_NAME)";
				SWIFT_EMIT_LOC_STRINGS = NO;
				SWIFT_VERSION = 5.0;
				TARGETED_DEVICE_FAMILY = "1,2";
				TEST_HOST = "$(BUILT_PRODUCTS_DIR)/Sudoku.app/$(BUNDLE_EXECUTABLE_FOLDER_PATH)/Sudoku";
			};
			name = Debug;
		};
		3464AA3B299D4E19003542CA /* Release */ = {
			isa = XCBuildConfiguration;
			buildSettings = {
				ALWAYS_EMBED_SWIFT_STANDARD_LIBRARIES = YES;
				BUNDLE_LOADER = "$(TEST_HOST)";
				CODE_SIGN_STYLE = Automatic;
				CURRENT_PROJECT_VERSION = 1;
				DEVELOPMENT_TEAM = 8D69GAM5D6;
				GENERATE_INFOPLIST_FILE = YES;
				IPHONEOS_DEPLOYMENT_TARGET = 16.2;
				MARKETING_VERSION = 1.0;
				PRODUCT_BUNDLE_IDENTIFIER = com.holografix.SudokuTests;
				PRODUCT_NAME = "$(TARGET_NAME)";
				SWIFT_EMIT_LOC_STRINGS = NO;
				SWIFT_VERSION = 5.0;
				TARGETED_DEVICE_FAMILY = "1,2";
				TEST_HOST = "$(BUILT_PRODUCTS_DIR)/Sudoku.app/$(BUNDLE_EXECUTABLE_FOLDER_PATH)/Sudoku";
			};
			name = Release;
		};
		3464AA3D299D4E19003542CA /* Debug */ = {
			isa = XCBuildConfiguration;
			buildSettings = {
				ALWAYS_EMBED_SWIFT_STANDARD_LIBRARIES = YES;
				CODE_SIGN_STYLE = Automatic;
				CURRENT_PROJECT_VERSION = 1;
				DEVELOPMENT_TEAM = 8D69GAM5D6;
				GENERATE_INFOPLIST_FILE = YES;
				MARKETING_VERSION = 1.0;
				PRODUCT_BUNDLE_IDENTIFIER = com.holografix.SudokuUITests;
				PRODUCT_NAME = "$(TARGET_NAME)";
				SWIFT_EMIT_LOC_STRINGS = NO;
				SWIFT_VERSION = 5.0;
				TARGETED_DEVICE_FAMILY = "1,2";
				TEST_TARGET_NAME = Sudoku;
			};
			name = Debug;
		};
		3464AA3E299D4E19003542CA /* Release */ = {
			isa = XCBuildConfiguration;
			buildSettings = {
				ALWAYS_EMBED_SWIFT_STANDARD_LIBRARIES = YES;
				CODE_SIGN_STYLE = Automatic;
				CURRENT_PROJECT_VERSION = 1;
				DEVELOPMENT_TEAM = 8D69GAM5D6;
				GENERATE_INFOPLIST_FILE = YES;
				MARKETING_VERSION = 1.0;
				PRODUCT_BUNDLE_IDENTIFIER = com.holografix.SudokuUITests;
				PRODUCT_NAME = "$(TARGET_NAME)";
				SWIFT_EMIT_LOC_STRINGS = NO;
				SWIFT_VERSION = 5.0;
				TARGETED_DEVICE_FAMILY = "1,2";
				TEST_TARGET_NAME = Sudoku;
			};
			name = Release;
		};
/* End XCBuildConfiguration section */

/* Begin XCConfigurationList section */
		3464AA0D299D4E18003542CA /* Build configuration list for PBXProject "Sudoku" */ = {
			isa = XCConfigurationList;
			buildConfigurations = (
				3464AA34299D4E19003542CA /* Debug */,
				3464AA35299D4E19003542CA /* Release */,
			);
			defaultConfigurationIsVisible = 0;
			defaultConfigurationName = Release;
		};
		3464AA36299D4E19003542CA /* Build configuration list for PBXNativeTarget "Sudoku" */ = {
			isa = XCConfigurationList;
			buildConfigurations = (
				3464AA37299D4E19003542CA /* Debug */,
				3464AA38299D4E19003542CA /* Release */,
			);
			defaultConfigurationIsVisible = 0;
			defaultConfigurationName = Release;
		};
		3464AA39299D4E19003542CA /* Build configuration list for PBXNativeTarget "SudokuTests" */ = {
			isa = XCConfigurationList;
			buildConfigurations = (
				3464AA3A299D4E19003542CA /* Debug */,
				3464AA3B299D4E19003542CA /* Release */,
			);
			defaultConfigurationIsVisible = 0;
			defaultConfigurationName = Release;
		};
		3464AA3C299D4E19003542CA /* Build configuration list for PBXNativeTarget "SudokuUITests" */ = {
			isa = XCConfigurationList;
			buildConfigurations = (
				3464AA3D299D4E19003542CA /* Debug */,
				3464AA3E299D4E19003542CA /* Release */,
			);
			defaultConfigurationIsVisible = 0;
			defaultConfigurationName = Release;
		};
/* End XCConfigurationList section */

/* Begin XCSwiftPackageProductDependency section */
		3432483129A5262A0077D1D6 /* UI */ = {
			isa = XCSwiftPackageProductDependency;
			productName = UI;
		};
		3485434629A527B5003FCA57 /* BacktrackingSolver */ = {
			isa = XCSwiftPackageProductDependency;
			productName = BacktrackingSolver;
		};
		3485434829A52C35003FCA57 /* Models */ = {
			isa = XCSwiftPackageProductDependency;
			productName = Models;
		};
/* End XCSwiftPackageProductDependency section */
	};
	rootObject = 3464AA0A299D4E18003542CA /* Project object */;
}
